
Microsoft Visual Studio Solution File, Format Version 12.00
# Visual Studio Version 17
VisualStudioVersion = 17.11.35208.52
MinimumVisualStudioVersion = 10.0.40219.1
Project("{FAE04EC0-301F-11D3-BF4B-00C04F79EFBC}") = "wk1_HelloWorld", "wk1_HelloWorld\wk1_HelloWorld.csproj", "{4DDD3FB9-E91B-4A5D-BFB6-1376E7BCD83C}"
EndProject
Project("{FAE04EC0-301F-11D3-BF4B-00C04F79EFBC}") = "MyDomain", "MyDomain\MyDomain.csproj", "{D9BC39EA-139B-428B-86CE-583EAADAB79E}"
EndProject
Global
	GlobalSection(SolutionConfigurationPlatforms) = preSolution
		Debug|Any CPU = Debug|Any CPU
		Release|Any CPU = Release|Any CPU
	EndGlobalSection
	GlobalSection(ProjectConfigurationPlatforms) = postSolution
		{4DDD3FB9-E91B-4A5D-BFB6-1376E7BCD83C}.Debug|Any CPU.ActiveCfg = Debug|Any CPU
		{4DDD3FB9-E91B-4A5D-BFB6-1376E7BCD83C}.Debug|Any CPU.Build.0 = Debug|Any CPU
		{4DDD3FB9-E91B-4A5D-BFB6-1376E7BCD83C}.Release|Any CPU.ActiveCfg = Release|Any CPU
		{4DDD3FB9-E91B-4A5D-BFB6-1376E7BCD83C}.Release|Any CPU.Build.0 = Release|Any CPU
		{D9BC39EA-139B-428B-86CE-583EAADAB79E}.Debug|Any CPU.ActiveCfg = Debug|Any CPU
		{D9BC39EA-139B-428B-86CE-583EAADAB79E}.Debug|Any CPU.Build.0 = Debug|Any CPU
		{D9BC39EA-139B-428B-86CE-583EAADAB79E}.Release|Any CPU.ActiveCfg = Release|Any CPU
		{D9BC39EA-139B-428B-86CE-583EAADAB79E}.Release|Any CPU.Build.0 = Release|Any CPU
	EndGlobalSection
	GlobalSection(SolutionProperties) = preSolution
		HideSolutionNode = FALSE
	EndGlobalSection
	GlobalSection(ExtensibilityGlobals) = postSolution
		SolutionGuid = {2B93134E-362B-4851-AF7E-E3B40DF59B44}
	EndGlobalSection
EndGlobal
